
Microsoft Visual Studio Solution File, Format Version 12.00
# Visual Studio Version 17
VisualStudioVersion = 17.14.36804.6
MinimumVisualStudioVersion = 10.0.40219.1
Project("{9A19103F-16F7-4668-BE54-9A1E7A4F7556}") = "Catalog.API", "Services\Catalog\Catalog.API\Catalog.API.csproj", "{A9FBAE73-56A7-4ACD-A7B3-4D46E513412D}"
EndProject
Project("{FAE04EC0-301F-11D3-BF4B-00C04F79EFBC}") = "BuildingBlocks", "BuildingBlocks\BuildingBlocks\BuildingBlocks.csproj", "{6E7E435F-1589-DC76-9E72-AAA8CDEA1B17}"
EndProject
Project("{E53339B2-1760-4266-BCC7-CA923CBCF16C}") = "docker-compose", "docker-compose.dcproj", "{81DDED9D-158B-E303-5F62-77A2896D2A5A}"
EndProject
Project("{FAE04EC0-301F-11D3-BF4B-00C04F79EFBC}") = "Basket.API", "Services\Basket\Basket.API\Basket.API.csproj", "{E394114E-8199-4379-9647-BFE4E1022345}"
EndProject
Global
	GlobalSection(SolutionConfigurationPlatforms) = preSolution
		Debug|Any CPU = Debug|Any CPU
		Release|Any CPU = Release|Any CPU
	EndGlobalSection
	GlobalSection(ProjectConfigurationPlatforms) = postSolution
		{A9FBAE73-56A7-4ACD-A7B3-4D46E513412D}.Debug|Any CPU.ActiveCfg = Debug|Any CPU
		{A9FBAE73-56A7-4ACD-A7B3-4D46E513412D}.Debug|Any CPU.Build.0 = Debug|Any CPU
		{A9FBAE73-56A7-4ACD-A7B3-4D46E513412D}.Release|Any CPU.ActiveCfg = Release|Any CPU
		{A9FBAE73-56A7-4ACD-A7B3-4D46E513412D}.Release|Any CPU.Build.0 = Release|Any CPU
		{6E7E435F-1589-DC76-9E72-AAA8CDEA1B17}.Debug|Any CPU.ActiveCfg = Debug|Any CPU
		{6E7E435F-1589-DC76-9E72-AAA8CDEA1B17}.Debug|Any CPU.Build.0 = Debug|Any CPU
		{6E7E435F-1589-DC76-9E72-AAA8CDEA1B17}.Release|Any CPU.ActiveCfg = Release|Any CPU
		{6E7E435F-1589-DC76-9E72-AAA8CDEA1B17}.Release|Any CPU.Build.0 = Release|Any CPU
		{81DDED9D-158B-E303-5F62-77A2896D2A5A}.Debug|Any CPU.ActiveCfg = Debug|Any CPU
		{81DDED9D-158B-E303-5F62-77A2896D2A5A}.Debug|Any CPU.Build.0 = Debug|Any CPU
		{81DDED9D-158B-E303-5F62-77A2896D2A5A}.Release|Any CPU.ActiveCfg = Release|Any CPU
		{81DDED9D-158B-E303-5F62-77A2896D2A5A}.Release|Any CPU.Build.0 = Release|Any CPU
		{E394114E-8199-4379-9647-BFE4E1022345}.Debug|Any CPU.ActiveCfg = Debug|Any CPU
		{E394114E-8199-4379-9647-BFE4E1022345}.Debug|Any CPU.Build.0 = Debug|Any CPU
		{E394114E-8199-4379-9647-BFE4E1022345}.Release|Any CPU.ActiveCfg = Release|Any CPU
		{E394114E-8199-4379-9647-BFE4E1022345}.Release|Any CPU.Build.0 = Release|Any CPU
	EndGlobalSection
	GlobalSection(SolutionProperties) = preSolution
		HideSolutionNode = FALSE
	EndGlobalSection
	GlobalSection(ExtensibilityGlobals) = postSolution
		SolutionGuid = {D3198DEB-8E5B-4623-8444-7DF5B8A2F958}
	EndGlobalSection
EndGlobal
